
Microsoft Visual Studio Solution File, Format Version 12.00
# Visual Studio Version 16
VisualStudioVersion = 16.0.29905.134
MinimumVisualStudioVersion = 10.0.40219.1
Project("{888888A0-9F3D-457C-B088-3A5042F75D52}") = "BasicProject", "BasicProject\BasicProject.pyproj", "{6E3CFAC1-AFAD-4120-9095-8C04FD9012FF}"
EndProject
Global
	GlobalSection(SolutionConfigurationPlatforms) = preSolution
		Debug|Any CPU = Debug|Any CPU
		Release|Any CPU = Release|Any CPU
	EndGlobalSection
	GlobalSection(ProjectConfigurationPlatforms) = postSolution
		{6E3CFAC1-AFAD-4120-9095-8C04FD9012FF}.Debug|Any CPU.ActiveCfg = Debug|Any CPU
		{6E3CFAC1-AFAD-4120-9095-8C04FD9012FF}.Debug|Any CPU.Build.0 = Debug|Any CPU
		{6E3CFAC1-AFAD-4120-9095-8C04FD9012FF}.Release|Any CPU.ActiveCfg = Release|Any CPU
		{6E3CFAC1-AFAD-4120-9095-8C04FD9012FF}.Release|Any CPU.Build.0 = Release|Any CPU
	EndGlobalSection
	GlobalSection(SolutionProperties) = preSolution
		HideSolutionNode = FALSE
	EndGlobalSection
	GlobalSection(ExtensibilityGlobals) = postSolution
		SolutionGuid = {9897127E-F5D7-4FC9-B087-0428ADA96BB2}
	EndGlobalSection
EndGlobal
